
Microsoft Visual Studio Solution File, Format Version 12.00
# Visual Studio Version 17
VisualStudioVersion = 17.14.36603.0
MinimumVisualStudioVersion = 10.0.40219.1
Project("{FAE04EC0-301F-11D3-BF4B-00C04F79EFBC}") = "FactorySample", "FactorySample\FactorySample.csproj", "{0EE87FF6-AC47-43C6-981E-AD2125A27702}"
EndProject
Project("{FAE04EC0-301F-11D3-BF4B-00C04F79EFBC}") = "BuilderSample", "BuilderSample\BuilderSample.csproj", "{5EF80A5F-8006-40C3-9F9B-2FDCC0AED692}"
EndProject
Project("{FAE04EC0-301F-11D3-BF4B-00C04F79EFBC}") = "PrototypeSample", "PrototypeSample\PrototypeSample.csproj", "{32CB0C94-6B97-4FD1-9C77-47CB1B4B5BC1}"
EndProject
Project("{FAE04EC0-301F-11D3-BF4B-00C04F79EFBC}") = "SingletonSample", "SingletonSample\SingletonSample.csproj", "{369638EE-81D2-47D6-B96B-A7F1846BB8DC}"
EndProject
Project("{FAE04EC0-301F-11D3-BF4B-00C04F79EFBC}") = "AbstractFactorySample", "AbstractFactorySample\AbstractFactorySample.csproj", "{FE4B9EB6-693A-4EA9-9845-2562478E2805}"
EndProject
Project("{2150E333-8FDC-42A3-9474-1A3956D46DE8}") = "1. Creational Patterns", "1. Creational Patterns", "{02EA681E-C7D8-13C7-8484-4AC65E1B71E8}"
EndProject
Project("{2150E333-8FDC-42A3-9474-1A3956D46DE8}") = "3. Structural Patterns", "3. Structural Patterns", "{72CC9FC7-2ABC-4DF4-918A-943B83E1C0B8}"
EndProject
Project("{FAE04EC0-301F-11D3-BF4B-00C04F79EFBC}") = "AdapterSample", "AdapterSample\AdapterSample.csproj", "{1B448D55-2E60-41F1-985D-394F07D8889E}"
EndProject
Project("{FAE04EC0-301F-11D3-BF4B-00C04F79EFBC}") = "BridgeSample", "BridgeSample\BridgeSample.csproj", "{DE5CCF96-E589-4607-8249-E7C7BFD07066}"
EndProject
Project("{FAE04EC0-301F-11D3-BF4B-00C04F79EFBC}") = "CompositeSample", "CompositeSample\CompositeSample.csproj", "{182EEFDA-DEE9-4460-9BAA-667BBB4D642B}"
EndProject
Project("{FAE04EC0-301F-11D3-BF4B-00C04F79EFBC}") = "DecoratorSample", "DecoratorSample\DecoratorSample.csproj", "{CBC13784-767C-4AD3-81B2-35A03AA82CF5}"
EndProject
Project("{FAE04EC0-301F-11D3-BF4B-00C04F79EFBC}") = "FacadeSample", "FacadeSample\FacadeSample.csproj", "{C53E018F-9A18-4F1F-9971-0F2D6184DB6A}"
EndProject
Project("{FAE04EC0-301F-11D3-BF4B-00C04F79EFBC}") = "FlyWeightSample", "FlyWeightSample\FlyWeightSample.csproj", "{AD9CF97D-3481-4D35-B068-F46A4B764E60}"
EndProject
Project("{FAE04EC0-301F-11D3-BF4B-00C04F79EFBC}") = "ProxySample", "ProxySample\ProxySample.csproj", "{37011AE6-37FD-4051-8FEB-5CE43A0BCF69}"
EndProject
Project("{2150E333-8FDC-42A3-9474-1A3956D46DE8}") = "2. Behavioral Patterns", "2. Behavioral Patterns", "{F53591BA-2546-4EE1-9FC2-B54AA1C919A8}"
EndProject
Project("{FAE04EC0-301F-11D3-BF4B-00C04F79EFBC}") = "ChainOfResponsibilitySample", "ChainOfResponsibilitySample\ChainOfResponsibilitySample.csproj", "{4CA086C7-6259-4FE4-AFC8-6F76D631E11B}"
EndProject
Project("{FAE04EC0-301F-11D3-BF4B-00C04F79EFBC}") = "IteratorSample", "IteratorSample\IteratorSample.csproj", "{225ADD5E-572F-491C-9672-F8BCDD355129}"
EndProject
Project("{FAE04EC0-301F-11D3-BF4B-00C04F79EFBC}") = "MementoSample", "MementoSample\MementoSample.csproj", "{FAD0EDD2-39FB-4F4B-86B5-039E13BF65ED}"
EndProject
Project("{FAE04EC0-301F-11D3-BF4B-00C04F79EFBC}") = "StateSample", "StateSample\StateSample.csproj", "{F1236815-4E97-4161-83FD-4185FECDCCA6}"
EndProject
Project("{FAE04EC0-301F-11D3-BF4B-00C04F79EFBC}") = "TemplateMethodSample", "TemplateMethodSample\TemplateMethodSample.csproj", "{56B637C6-145B-467C-8F62-FC8F87690CBA}"
EndProject
Project("{FAE04EC0-301F-11D3-BF4B-00C04F79EFBC}") = "CommandSample", "CommandSample\CommandSample.csproj", "{9E1F1762-EC1D-46E3-966B-D99B78F66049}"
EndProject
Project("{FAE04EC0-301F-11D3-BF4B-00C04F79EFBC}") = "MediatorSample", "MediatorSample\MediatorSample.csproj", "{05E7D035-A235-4DB2-B088-AE7D964E48B5}"
EndProject
Project("{FAE04EC0-301F-11D3-BF4B-00C04F79EFBC}") = "ObserverSample", "ObserverSample\ObserverSample.csproj", "{D3C4EAB1-E95B-4A6F-ABBF-81CBCF97C059}"
EndProject
Project("{FAE04EC0-301F-11D3-BF4B-00C04F79EFBC}") = "StrategySample", "StrategySample\StrategySample.csproj", "{1981C3C1-4399-4538-8F79-F8F56A7DC3B8}"
EndProject
Project("{FAE04EC0-301F-11D3-BF4B-00C04F79EFBC}") = "VisitorSample", "VisitorSample\VisitorSample.csproj", "{30B85CB5-9909-4352-A76E-9121A9FAB8E4}"
EndProject
Project("{2150E333-8FDC-42A3-9474-1A3956D46DE8}") = "Generics", "Generics", "{75A2C050-FA7C-49BD-BEFC-DB7F667A3907}"
EndProject
Project("{FAE04EC0-301F-11D3-BF4B-00C04F79EFBC}") = "GenericsSample", "GenericsSample\GenericsSample.csproj", "{00409133-6540-4233-B525-51B68F9CD00A}"
EndProject
Project("{2150E333-8FDC-42A3-9474-1A3956D46DE8}") = "ORM", "ORM", "{B41A89D6-C09B-40B9-81BF-B401B7BA22DC}"
EndProject
Project("{FAE04EC0-301F-11D3-BF4B-00C04F79EFBC}") = "ORMSample", "ORMSample\ORMSample.csproj", "{97D71430-AECA-44CB-8EB8-109624C84146}"
EndProject
Global
	GlobalSection(SolutionConfigurationPlatforms) = preSolution
		Debug|Any CPU = Debug|Any CPU
		Release|Any CPU = Release|Any CPU
	EndGlobalSection
	GlobalSection(ProjectConfigurationPlatforms) = postSolution
		{0EE87FF6-AC47-43C6-981E-AD2125A27702}.Debug|Any CPU.ActiveCfg = Debug|Any CPU
		{0EE87FF6-AC47-43C6-981E-AD2125A27702}.Debug|Any CPU.Build.0 = Debug|Any CPU
		{0EE87FF6-AC47-43C6-981E-AD2125A27702}.Release|Any CPU.ActiveCfg = Release|Any CPU
		{0EE87FF6-AC47-43C6-981E-AD2125A27702}.Release|Any CPU.Build.0 = Release|Any CPU
		{5EF80A5F-8006-40C3-9F9B-2FDCC0AED692}.Debug|Any CPU.ActiveCfg = Debug|Any CPU
		{5EF80A5F-8006-40C3-9F9B-2FDCC0AED692}.Debug|Any CPU.Build.0 = Debug|Any CPU
		{5EF80A5F-8006-40C3-9F9B-2FDCC0AED692}.Release|Any CPU.ActiveCfg = Release|Any CPU
		{5EF80A5F-8006-40C3-9F9B-2FDCC0AED692}.Release|Any CPU.Build.0 = Release|Any CPU
		{32CB0C94-6B97-4FD1-9C77-47CB1B4B5BC1}.Debug|Any CPU.ActiveCfg = Debug|Any CPU
		{32CB0C94-6B97-4FD1-9C77-47CB1B4B5BC1}.Debug|Any CPU.Build.0 = Debug|Any CPU
		{32CB0C94-6B97-4FD1-9C77-47CB1B4B5BC1}.Release|Any CPU.ActiveCfg = Release|Any CPU
		{32CB0C94-6B97-4FD1-9C77-47CB1B4B5BC1}.Release|Any CPU.Build.0 = Release|Any CPU
		{369638EE-81D2-47D6-B96B-A7F1846BB8DC}.Debug|Any CPU.ActiveCfg = Debug|Any CPU
		{369638EE-81D2-47D6-B96B-A7F1846BB8DC}.Debug|Any CPU.Build.0 = Debug|Any CPU
		{369638EE-81D2-47D6-B96B-A7F1846BB8DC}.Release|Any CPU.ActiveCfg = Release|Any CPU
		{369638EE-81D2-47D6-B96B-A7F1846BB8DC}.Release|Any CPU.Build.0 = Release|Any CPU
		{FE4B9EB6-693A-4EA9-9845-2562478E2805}.Debug|Any CPU.ActiveCfg = Debug|Any CPU
		{FE4B9EB6-693A-4EA9-9845-2562478E2805}.Debug|Any CPU.Build.0 = Debug|Any CPU
		{FE4B9EB6-693A-4EA9-9845-2562478E2805}.Release|Any CPU.ActiveCfg = Release|Any CPU
		{FE4B9EB6-693A-4EA9-9845-2562478E2805}.Release|Any CPU.Build.0 = Release|Any CPU
		{1B448D55-2E60-41F1-985D-394F07D8889E}.Debug|Any CPU.ActiveCfg = Debug|Any CPU
		{1B448D55-2E60-41F1-985D-394F07D8889E}.Debug|Any CPU.Build.0 = Debug|Any CPU
		{1B448D55-2E60-41F1-985D-394F07D8889E}.Release|Any CPU.ActiveCfg = Release|Any CPU
		{1B448D55-2E60-41F1-985D-394F07D8889E}.Release|Any CPU.Build.0 = Release|Any CPU
		{DE5CCF96-E589-4607-8249-E7C7BFD07066}.Debug|Any CPU.ActiveCfg = Debug|Any CPU
		{DE5CCF96-E589-4607-8249-E7C7BFD07066}.Debug|Any CPU.Build.0 = Debug|Any CPU
		{DE5CCF96-E589-4607-8249-E7C7BFD07066}.Release|Any CPU.ActiveCfg = Release|Any CPU
		{DE5CCF96-E589-4607-8249-E7C7BFD07066}.Release|Any CPU.Build.0 = Release|Any CPU
		{182EEFDA-DEE9-4460-9BAA-667BBB4D642B}.Debug|Any CPU.ActiveCfg = Debug|Any CPU
		{182EEFDA-DEE9-4460-9BAA-667BBB4D642B}.Debug|Any CPU.Build.0 = Debug|Any CPU
		{182EEFDA-DEE9-4460-9BAA-667BBB4D642B}.Release|Any CPU.ActiveCfg = Release|Any CPU
		{182EEFDA-DEE9-4460-9BAA-667BBB4D642B}.Release|Any CPU.Build.0 = Release|Any CPU
		{CBC13784-767C-4AD3-81B2-35A03AA82CF5}.Debug|Any CPU.ActiveCfg = Debug|Any CPU
		{CBC13784-767C-4AD3-81B2-35A03AA82CF5}.Debug|Any CPU.Build.0 = Debug|Any CPU
		{CBC13784-767C-4AD3-81B2-35A03AA82CF5}.Release|Any CPU.ActiveCfg = Release|Any CPU
		{CBC13784-767C-4AD3-81B2-35A03AA82CF5}.Release|Any CPU.Build.0 = Release|Any CPU
		{C53E018F-9A18-4F1F-9971-0F2D6184DB6A}.Debug|Any CPU.ActiveCfg = Debug|Any CPU
		{C53E018F-9A18-4F1F-9971-0F2D6184DB6A}.Debug|Any CPU.Build.0 = Debug|Any CPU
		{C53E018F-9A18-4F1F-9971-0F2D6184DB6A}.Release|Any CPU.ActiveCfg = Release|Any CPU
		{C53E018F-9A18-4F1F-9971-0F2D6184DB6A}.Release|Any CPU.Build.0 = Release|Any CPU
		{AD9CF97D-3481-4D35-B068-F46A4B764E60}.Debug|Any CPU.ActiveCfg = Debug|Any CPU
		{AD9CF97D-3481-4D35-B068-F46A4B764E60}.Debug|Any CPU.Build.0 = Debug|Any CPU
		{AD9CF97D-3481-4D35-B068-F46A4B764E60}.Release|Any CPU.ActiveCfg = Release|Any CPU
		{AD9CF97D-3481-4D35-B068-F46A4B764E60}.Release|Any CPU.Build.0 = Release|Any CPU
		{37011AE6-37FD-4051-8FEB-5CE43A0BCF69}.Debug|Any CPU.ActiveCfg = Debug|Any CPU
		{37011AE6-37FD-4051-8FEB-5CE43A0BCF69}.Debug|Any CPU.Build.0 = Debug|Any CPU
		{37011AE6-37FD-4051-8FEB-5CE43A0BCF69}.Release|Any CPU.ActiveCfg = Release|Any CPU
		{37011AE6-37FD-4051-8FEB-5CE43A0BCF69}.Release|Any CPU.Build.0 = Release|Any CPU
		{4CA086C7-6259-4FE4-AFC8-6F76D631E11B}.Debug|Any CPU.ActiveCfg = Debug|Any CPU
		{4CA086C7-6259-4FE4-AFC8-6F76D631E11B}.Debug|Any CPU.Build.0 = Debug|Any CPU
		{4CA086C7-6259-4FE4-AFC8-6F76D631E11B}.Release|Any CPU.ActiveCfg = Release|Any CPU
		{4CA086C7-6259-4FE4-AFC8-6F76D631E11B}.Release|Any CPU.Build.0 = Release|Any CPU
		{225ADD5E-572F-491C-9672-F8BCDD355129}.Debug|Any CPU.ActiveCfg = Debug|Any CPU
		{225ADD5E-572F-491C-9672-F8BCDD355129}.Debug|Any CPU.Build.0 = Debug|Any CPU
		{225ADD5E-572F-491C-9672-F8BCDD355129}.Release|Any CPU.ActiveCfg = Release|Any CPU
		{225ADD5E-572F-491C-9672-F8BCDD355129}.Release|Any CPU.Build.0 = Release|Any CPU
		{FAD0EDD2-39FB-4F4B-86B5-039E13BF65ED}.Debug|Any CPU.ActiveCfg = Debug|Any CPU
		{FAD0EDD2-39FB-4F4B-86B5-039E13BF65ED}.Debug|Any CPU.Build.0 = Debug|Any CPU
		{FAD0EDD2-39FB-4F4B-86B5-039E13BF65ED}.Release|Any CPU.ActiveCfg = Release|Any CPU
		{FAD0EDD2-39FB-4F4B-86B5-039E13BF65ED}.Release|Any CPU.Build.0 = Release|Any CPU
		{F1236815-4E97-4161-83FD-4185FECDCCA6}.Debug|Any CPU.ActiveCfg = Debug|Any CPU
		{F1236815-4E97-4161-83FD-4185FECDCCA6}.Debug|Any CPU.Build.0 = Debug|Any CPU
		{F1236815-4E97-4161-83FD-4185FECDCCA6}.Release|Any CPU.ActiveCfg = Release|Any CPU
		{F1236815-4E97-4161-83FD-4185FECDCCA6}.Release|Any CPU.Build.0 = Release|Any CPU
		{56B637C6-145B-467C-8F62-FC8F87690CBA}.Debug|Any CPU.ActiveCfg = Debug|Any CPU
		{56B637C6-145B-467C-8F62-FC8F87690CBA}.Debug|Any CPU.Build.0 = Debug|Any CPU
		{56B637C6-145B-467C-8F62-FC8F87690CBA}.Release|Any CPU.ActiveCfg = Release|Any CPU
		{56B637C6-145B-467C-8F62-FC8F87690CBA}.Release|Any CPU.Build.0 = Release|Any CPU
		{9E1F1762-EC1D-46E3-966B-D99B78F66049}.Debug|Any CPU.ActiveCfg = Debug|Any CPU
		{9E1F1762-EC1D-46E3-966B-D99B78F66049}.Debug|Any CPU.Build.0 = Debug|Any CPU
		{9E1F1762-EC1D-46E3-966B-D99B78F66049}.Release|Any CPU.ActiveCfg = Release|Any CPU
		{9E1F1762-EC1D-46E3-966B-D99B78F66049}.Release|Any CPU.Build.0 = Release|Any CPU
		{05E7D035-A235-4DB2-B088-AE7D964E48B5}.Debug|Any CPU.ActiveCfg = Debug|Any CPU
		{05E7D035-A235-4DB2-B088-AE7D964E48B5}.Debug|Any CPU.Build.0 = Debug|Any CPU
		{05E7D035-A235-4DB2-B088-AE7D964E48B5}.Release|Any CPU.ActiveCfg = Release|Any CPU
		{05E7D035-A235-4DB2-B088-AE7D964E48B5}.Release|Any CPU.Build.0 = Release|Any CPU
		{D3C4EAB1-E95B-4A6F-ABBF-81CBCF97C059}.Debug|Any CPU.ActiveCfg = Debug|Any CPU
		{D3C4EAB1-E95B-4A6F-ABBF-81CBCF97C059}.Debug|Any CPU.Build.0 = Debug|Any CPU
		{D3C4EAB1-E95B-4A6F-ABBF-81CBCF97C059}.Release|Any CPU.ActiveCfg = Release|Any CPU
		{D3C4EAB1-E95B-4A6F-ABBF-81CBCF97C059}.Release|Any CPU.Build.0 = Release|Any CPU
		{1981C3C1-4399-4538-8F79-F8F56A7DC3B8}.Debug|Any CPU.ActiveCfg = Debug|Any CPU
		{1981C3C1-4399-4538-8F79-F8F56A7DC3B8}.Debug|Any CPU.Build.0 = Debug|Any CPU
		{1981C3C1-4399-4538-8F79-F8F56A7DC3B8}.Release|Any CPU.ActiveCfg = Release|Any CPU
		{1981C3C1-4399-4538-8F79-F8F56A7DC3B8}.Release|Any CPU.Build.0 = Release|Any CPU
		{30B85CB5-9909-4352-A76E-9121A9FAB8E4}.Debug|Any CPU.ActiveCfg = Debug|Any CPU
		{30B85CB5-9909-4352-A76E-9121A9FAB8E4}.Debug|Any CPU.Build.0 = Debug|Any CPU
		{30B85CB5-9909-4352-A76E-9121A9FAB8E4}.Release|Any CPU.ActiveCfg = Release|Any CPU
		{30B85CB5-9909-4352-A76E-9121A9FAB8E4}.Release|Any CPU.Build.0 = Release|Any CPU
		{00409133-6540-4233-B525-51B68F9CD00A}.Debug|Any CPU.ActiveCfg = Debug|Any CPU
		{00409133-6540-4233-B525-51B68F9CD00A}.Debug|Any CPU.Build.0 = Debug|Any CPU
		{00409133-6540-4233-B525-51B68F9CD00A}.Release|Any CPU.ActiveCfg = Release|Any CPU
		{00409133-6540-4233-B525-51B68F9CD00A}.Release|Any CPU.Build.0 = Release|Any CPU
		{97D71430-AECA-44CB-8EB8-109624C84146}.Debug|Any CPU.ActiveCfg = Debug|Any CPU
		{97D71430-AECA-44CB-8EB8-109624C84146}.Debug|Any CPU.Build.0 = Debug|Any CPU
		{97D71430-AECA-44CB-8EB8-109624C84146}.Release|Any CPU.ActiveCfg = Release|Any CPU
		{97D71430-AECA-44CB-8EB8-109624C84146}.Release|Any CPU.Build.0 = Release|Any CPU
	EndGlobalSection
	GlobalSection(SolutionProperties) = preSolution
		HideSolutionNode = FALSE
	EndGlobalSection
	GlobalSection(NestedProjects) = preSolution
		{0EE87FF6-AC47-43C6-981E-AD2125A27702} = {02EA681E-C7D8-13C7-8484-4AC65E1B71E8}
		{5EF80A5F-8006-40C3-9F9B-2FDCC0AED692} = {02EA681E-C7D8-13C7-8484-4AC65E1B71E8}
		{32CB0C94-6B97-4FD1-9C77-47CB1B4B5BC1} = {02EA681E-C7D8-13C7-8484-4AC65E1B71E8}
		{369638EE-81D2-47D6-B96B-A7F1846BB8DC} = {02EA681E-C7D8-13C7-8484-4AC65E1B71E8}
		{FE4B9EB6-693A-4EA9-9845-2562478E2805} = {02EA681E-C7D8-13C7-8484-4AC65E1B71E8}
		{1B448D55-2E60-41F1-985D-394F07D8889E} = {72CC9FC7-2ABC-4DF4-918A-943B83E1C0B8}
		{DE5CCF96-E589-4607-8249-E7C7BFD07066} = {72CC9FC7-2ABC-4DF4-918A-943B83E1C0B8}
		{182EEFDA-DEE9-4460-9BAA-667BBB4D642B} = {72CC9FC7-2ABC-4DF4-918A-943B83E1C0B8}
		{CBC13784-767C-4AD3-81B2-35A03AA82CF5} = {72CC9FC7-2ABC-4DF4-918A-943B83E1C0B8}
		{C53E018F-9A18-4F1F-9971-0F2D6184DB6A} = {72CC9FC7-2ABC-4DF4-918A-943B83E1C0B8}
		{AD9CF97D-3481-4D35-B068-F46A4B764E60} = {72CC9FC7-2ABC-4DF4-918A-943B83E1C0B8}
		{37011AE6-37FD-4051-8FEB-5CE43A0BCF69} = {72CC9FC7-2ABC-4DF4-918A-943B83E1C0B8}
		{4CA086C7-6259-4FE4-AFC8-6F76D631E11B} = {F53591BA-2546-4EE1-9FC2-B54AA1C919A8}
		{225ADD5E-572F-491C-9672-F8BCDD355129} = {F53591BA-2546-4EE1-9FC2-B54AA1C919A8}
		{FAD0EDD2-39FB-4F4B-86B5-039E13BF65ED} = {F53591BA-2546-4EE1-9FC2-B54AA1C919A8}
		{F1236815-4E97-4161-83FD-4185FECDCCA6} = {F53591BA-2546-4EE1-9FC2-B54AA1C919A8}
		{56B637C6-145B-467C-8F62-FC8F87690CBA} = {F53591BA-2546-4EE1-9FC2-B54AA1C919A8}
		{9E1F1762-EC1D-46E3-966B-D99B78F66049} = {F53591BA-2546-4EE1-9FC2-B54AA1C919A8}
		{05E7D035-A235-4DB2-B088-AE7D964E48B5} = {F53591BA-2546-4EE1-9FC2-B54AA1C919A8}
		{D3C4EAB1-E95B-4A6F-ABBF-81CBCF97C059} = {F53591BA-2546-4EE1-9FC2-B54AA1C919A8}
		{1981C3C1-4399-4538-8F79-F8F56A7DC3B8} = {F53591BA-2546-4EE1-9FC2-B54AA1C919A8}
		{30B85CB5-9909-4352-A76E-9121A9FAB8E4} = {F53591BA-2546-4EE1-9FC2-B54AA1C919A8}
		{00409133-6540-4233-B525-51B68F9CD00A} = {75A2C050-FA7C-49BD-BEFC-DB7F667A3907}
		{97D71430-AECA-44CB-8EB8-109624C84146} = {B41A89D6-C09B-40B9-81BF-B401B7BA22DC}
	EndGlobalSection
	GlobalSection(ExtensibilityGlobals) = postSolution
		SolutionGuid = {5A20552D-528B-4B60-8D39-81B13E33687F}
	EndGlobalSection
EndGlobal
